// !$*UTF8*$!
{
	archiveVersion = 1;
	classes = {
	};
	objectVersion = 50;
	objects = {

/* Begin PBXBuildFile section */
		CDADE6E123B3610300E8CDD5 /* main.swift in Sources */ = {isa = PBXBuildFile; fileRef = CDADE6E023B3610300E8CDD5 /* main.swift */; };
		CDADE6E823B3615A00E8CDD5 /* Invoices.swift in Sources */ = {isa = PBXBuildFile; fileRef = CDADE6E723B3615A00E8CDD5 /* Invoices.swift */; };
		CDADE6EA23B3616F00E8CDD5 /* Plays.swift in Sources */ = {isa = PBXBuildFile; fileRef = CDADE6E923B3616F00E8CDD5 /* Plays.swift */; };
		CDADE6EC23B3617E00E8CDD5 /* Bill.swift in Sources */ = {isa = PBXBuildFile; fileRef = CDADE6EB23B3617E00E8CDD5 /* Bill.swift */; };
/* End PBXBuildFile section */

/* Begin PBXCopyFilesBuildPhase section */
		CDADE6DB23B3610300E8CDD5 /* CopyFiles */ = {
			isa = PBXCopyFilesBuildPhase;
			buildActionMask = 2147483647;
			dstPath = /usr/share/man/man1/;
			dstSubfolderSpec = 0;
			files = (
			);
			runOnlyForDeploymentPostprocessing = 1;
		};
/* End PBXCopyFilesBuildPhase section */

/* Begin PBXFileReference section */
		CDADE6DD23B3610300E8CDD5 /* Refactoring */ = {isa = PBXFileReference; explicitFileType = "compiled.mach-o.executable"; includeInIndex = 0; path = Refactoring; sourceTree = BUILT_PRODUCTS_DIR; };
		CDADE6E023B3610300E8CDD5 /* main.swift */ = {isa = PBXFileReference; lastKnownFileType = sourcecode.swift; path = main.swift; sourceTree = "<group>"; };
		CDADE6E723B3615A00E8CDD5 /* Invoices.swift */ = {isa = PBXFileReference; lastKnownFileType = sourcecode.swift; path = Invoices.swift; sourceTree = "<group>"; };
		CDADE6E923B3616F00E8CDD5 /* Plays.swift */ = {isa = PBXFileReference; lastKnownFileType = sourcecode.swift; path = Plays.swift; sourceTree = "<group>"; };
		CDADE6EB23B3617E00E8CDD5 /* Bill.swift */ = {isa = PBXFileReference; lastKnownFileType = sourcecode.swift; path = Bill.swift; sourceTree = "<group>"; };
/* End PBXFileReference section */

/* Begin PBXFrameworksBuildPhase section */
		CDADE6DA23B3610300E8CDD5 /* Frameworks */ = {
			isa = PBXFrameworksBuildPhase;
			buildActionMask = 2147483647;
			files = (
			);
			runOnlyForDeploymentPostprocessing = 0;
		};
/* End PBXFrameworksBuildPhase section */

/* Begin PBXGroup section */
		CDADE6D423B3610300E8CDD5 = {
			isa = PBXGroup;
			children = (
				CDADE6DF23B3610300E8CDD5 /* Refactoring */,
				CDADE6DE23B3610300E8CDD5 /* Products */,
			);
			sourceTree = "<group>";
		};
		CDADE6DE23B3610300E8CDD5 /* Products */ = {
			isa = PBXGroup;
			children = (
				CDADE6DD23B3610300E8CDD5 /* Refactoring */,
			);
			name = Products;
			sourceTree = "<group>";
		};
		CDADE6DF23B3610300E8CDD5 /* Refactoring */ = {
			isa = PBXGroup;
			children = (
				CDADE6E023B3610300E8CDD5 /* main.swift */,
				CDADE6E723B3615A00E8CDD5 /* Invoices.swift */,
				CDADE6E923B3616F00E8CDD5 /* Plays.swift */,
				CDADE6EB23B3617E00E8CDD5 /* Bill.swift */,
			);
			path = Refactoring;
			sourceTree = "<group>";
		};
/* End PBXGroup section */

/* Begin PBXNativeTarget section */
		CDADE6DC23B3610300E8CDD5 /* Refactoring */ = {
			isa = PBXNativeTarget;
			buildConfigurationList = CDADE6E423B3610300E8CDD5 /* Build configuration list for PBXNativeTarget "Refactoring" */;
			buildPhases = (
				CDADE6D923B3610300E8CDD5 /* Sources */,
				CDADE6DA23B3610300E8CDD5 /* Frameworks */,
				CDADE6DB23B3610300E8CDD5 /* CopyFiles */,
			);
			buildRules = (
			);
			dependencies = (
			);
			name = Refactoring;
			productName = Refactoring;
			productReference = CDADE6DD23B3610300E8CDD5 /* Refactoring */;
			productType = "com.apple.product-type.tool";
		};
/* End PBXNativeTarget section */

/* Begin PBXProject section */
		CDADE6D523B3610300E8CDD5 /* Project object */ = {
			isa = PBXProject;
			attributes = {
				LastSwiftUpdateCheck = 1110;
				LastUpgradeCheck = 1110;
				ORGANIZATIONNAME = yrion;
				TargetAttributes = {
					CDADE6DC23B3610300E8CDD5 = {
						CreatedOnToolsVersion = 11.1;
					};
				};
			};
			buildConfigurationList = CDADE6D823B3610300E8CDD5 /* Build configuration list for PBXProject "Refactoring" */;
			compatibilityVersion = "Xcode 9.3";
			developmentRegion = en;
			hasScannedForEncodings = 0;
			knownRegions = (
				en,
				Base,
			);
			mainGroup = CDADE6D423B3610300E8CDD5;
			productRefGroup = CDADE6DE23B3610300E8CDD5 /* Products */;
			projectDirPath = "";
			projectRoot = "";
			targets = (
				CDADE6DC23B3610300E8CDD5 /* Refactoring */,
			);
		};
/* End PBXProject section */

/* Begin PBXSourcesBuildPhase section */
		CDADE6D923B3610300E8CDD5 /* Sources */ = {
			isa = PBXSourcesBuildPhase;
			buildActionMask = 2147483647;
			files = (
				CDADE6EC23B3617E00E8CDD5 /* Bill.swift in Sources */,
				CDADE6E123B3610300E8CDD5 /* main.swift in Sources */,
				CDADE6E823B3615A00E8CDD5 /* Invoices.swift in Sources */,
				CDADE6EA23B3616F00E8CDD5 /* Plays.swift in Sources */,
			);
			runOnlyForDeploymentPostprocessing = 0;
		};
/* End PBXSourcesBuildPhase section */

/* Begin XCBuildConfiguration section */
		CDADE6E223B3610300E8CDD5 /* Debug */ = {
			isa = XCBuildConfiguration;
			buildSettings = {
				ALWAYS_SEARCH_USER_PATHS = NO;
				CLANG_ANALYZER_NONNULL = YES;
				CLANG_ANALYZER_NUMBER_OBJECT_CONVERSION = YES_AGGRESSIVE;
				CLANG_CXX_LANGUAGE_STANDARD = "gnu++14";
				CLANG_CXX_LIBRARY = "libc++";
				CLANG_ENABLE_MODULES = YES;
				CLANG_ENABLE_OBJC_ARC = YES;
				CLANG_ENABLE_OBJC_WEAK = YES;
				CLANG_WARN_BLOCK_CAPTURE_AUTORELEASING = YES;
				CLANG_WARN_BOOL_CONVERSION = YES;
				CLANG_WARN_COMMA = YES;
				CLANG_WARN_CONSTANT_CONVERSION = YES;
				CLANG_WARN_DEPRECATED_OBJC_IMPLEMENTATIONS = YES;
				CLANG_WARN_DIRECT_OBJC_ISA_USAGE = YES_ERROR;
				CLANG_WARN_DOCUMENTATION_COMMENTS = YES;
				CLANG_WARN_EMPTY_BODY = YES;
				CLANG_WARN_ENUM_CONVERSION = YES;
				CLANG_WARN_INFINITE_RECURSION = YES;
				CLANG_WARN_INT_CONVERSION = YES;
				CLANG_WARN_NON_LITERAL_NULL_CONVERSION = YES;
				CLANG_WARN_OBJC_IMPLICIT_RETAIN_SELF = YES;
				CLANG_WARN_OBJC_LITERAL_CONVERSION = YES;
				CLANG_WARN_OBJC_ROOT_CLASS = YES_ERROR;
				CLANG_WARN_RANGE_LOOP_ANALYSIS = YES;
				CLANG_WARN_STRICT_PROTOTYPES = YES;
				CLANG_WARN_SUSPICIOUS_MOVE = YES;
				CLANG_WARN_UNGUARDED_AVAILABILITY = YES_AGGRESSIVE;
				CLANG_WARN_UNREACHABLE_CODE = YES;
				CLANG_WARN__DUPLICATE_METHOD_MATCH = YES;
				COPY_PHASE_STRIP = NO;
				DEBUG_INFORMATION_FORMAT = dwarf;
				ENABLE_STRICT_OBJC_MSGSEND = YES;
				ENABLE_TESTABILITY = YES;
				GCC_C_LANGUAGE_STANDARD = gnu11;
				GCC_DYNAMIC_NO_PIC = NO;
				GCC_NO_COMMON_BLOCKS = YES;
				GCC_OPTIMIZATION_LEVEL = 0;
				GCC_PREPROCESSOR_DEFINITIONS = (
					"DEBUG=1",
					"$(inherited)",
				);
				GCC_WARN_64_TO_32_BIT_CONVERSION = YES;
				GCC_WARN_ABOUT_RETURN_TYPE = YES_ERROR;
				GCC_WARN_UNDECLARED_SELECTOR = YES;
				GCC_WARN_UNINITIALIZED_AUTOS = YES_AGGRESSIVE;
				GCC_WARN_UNUSED_FUNCTION = YES;
				GCC_WARN_UNUSED_VARIABLE = YES;
				MACOSX_DEPLOYMENT_TARGET = 10.15;
				MTL_ENABLE_DEBUG_INFO = INCLUDE_SOURCE;
				MTL_FAST_MATH = YES;
				ONLY_ACTIVE_ARCH = YES;
				SDKROOT = macosx;
				SWIFT_ACTIVE_COMPILATION_CONDITIONS = DEBUG;
				SWIFT_OPTIMIZATION_LEVEL = "-Onone";
			};
			name = Debug;
		};
		CDADE6E323B3610300E8CDD5 /* Release */ = {
			isa = XCBuildConfiguration;
			buildSettings = {
				ALWAYS_SEARCH_USER_PATHS = NO;
				CLANG_ANALYZER_NONNULL = YES;
				CLANG_ANALYZER_NUMBER_OBJECT_CONVERSION = YES_AGGRESSIVE;
				CLANG_CXX_LANGUAGE_STANDARD = "gnu++14";
				CLANG_CXX_LIBRARY = "libc++";
				CLANG_ENABLE_MODULES = YES;
				CLANG_ENABLE_OBJC_ARC = YES;
				CLANG_ENABLE_OBJC_WEAK = YES;
				CLANG_WARN_BLOCK_CAPTURE_AUTORELEASING = YES;
				CLANG_WARN_BOOL_CONVERSION = YES;
				CLANG_WARN_COMMA = YES;
				CLANG_WARN_CONSTANT_CONVERSION = YES;
				CLANG_WARN_DEPRECATED_OBJC_IMPLEMENTATIONS = YES;
				CLANG_WARN_DIRECT_OBJC_ISA_USAGE = YES_ERROR;
				CLANG_WARN_DOCUMENTATION_COMMENTS = YES;
				CLANG_WARN_EMPTY_BODY = YES;
				CLANG_WARN_ENUM_CONVERSION = YES;
				CLANG_WARN_INFINITE_RECURSION = YES;
				CLANG_WARN_INT_CONVERSION = YES;
				CLANG_WARN_NON_LITERAL_NULL_CONVERSION = YES;
				CLANG_WARN_OBJC_IMPLICIT_RETAIN_SELF = YES;
				CLANG_WARN_OBJC_LITERAL_CONVERSION = YES;
				CLANG_WARN_OBJC_ROOT_CLASS = YES_ERROR;
				CLANG_WARN_RANGE_LOOP_ANALYSIS = YES;
				CLANG_WARN_STRICT_PROTOTYPES = YES;
				CLANG_WARN_SUSPICIOUS_MOVE = YES;
				CLANG_WARN_UNGUARDED_AVAILABILITY = YES_AGGRESSIVE;
				CLANG_WARN_UNREACHABLE_CODE = YES;
				CLANG_WARN__DUPLICATE_METHOD_MATCH = YES;
				COPY_PHASE_STRIP = NO;
				DEBUG_INFORMATION_FORMAT = "dwarf-with-dsym";
				ENABLE_NS_ASSERTIONS = NO;
				ENABLE_STRICT_OBJC_MSGSEND = YES;
				GCC_C_LANGUAGE_STANDARD = gnu11;
				GCC_NO_COMMON_BLOCKS = YES;
				GCC_WARN_64_TO_32_BIT_CONVERSION = YES;
				GCC_WARN_ABOUT_RETURN_TYPE = YES_ERROR;
				GCC_WARN_UNDECLARED_SELECTOR = YES;
				GCC_WARN_UNINITIALIZED_AUTOS = YES_AGGRESSIVE;
				GCC_WARN_UNUSED_FUNCTION = YES;
				GCC_WARN_UNUSED_VARIABLE = YES;
				MACOSX_DEPLOYMENT_TARGET = 10.15;
				MTL_ENABLE_DEBUG_INFO = NO;
				MTL_FAST_MATH = YES;
				SDKROOT = macosx;
				SWIFT_COMPILATION_MODE = wholemodule;
				SWIFT_OPTIMIZATION_LEVEL = "-O";
			};
			name = Release;
		};
		CDADE6E523B3610300E8CDD5 /* Debug */ = {
			isa = XCBuildConfiguration;
			buildSettings = {
				CODE_SIGN_STYLE = Automatic;
				DEVELOPMENT_TEAM = N6JQ46CTL8;
				ENABLE_HARDENED_RUNTIME = YES;
				PRODUCT_NAME = "$(TARGET_NAME)";
				SWIFT_VERSION = 5.0;
			};
			name = Debug;
		};
		CDADE6E623B3610300E8CDD5 /* Release */ = {
			isa = XCBuildConfiguration;
			buildSettings = {
				CODE_SIGN_STYLE = Automatic;
				DEVELOPMENT_TEAM = N6JQ46CTL8;
				ENABLE_HARDENED_RUNTIME = YES;
				PRODUCT_NAME = "$(TARGET_NAME)";
				SWIFT_VERSION = 5.0;
			};
			name = Release;
		};
/* End XCBuildConfiguration section */

/* Begin XCConfigurationList section */
		CDADE6D823B3610300E8CDD5 /* Build configuration list for PBXProject "Refactoring" */ = {
			isa = XCConfigurationList;
			buildConfigurations = (
				CDADE6E223B3610300E8CDD5 /* Debug */,
				CDADE6E323B3610300E8CDD5 /* Release */,
			);
			defaultConfigurationIsVisible = 0;
			defaultConfigurationName = Release;
		};
		CDADE6E423B3610300E8CDD5 /* Build configuration list for PBXNativeTarget "Refactoring" */ = {
			isa = XCConfigurationList;
			buildConfigurations = (
				CDADE6E523B3610300E8CDD5 /* Debug */,
				CDADE6E623B3610300E8CDD5 /* Release */,
			);
			defaultConfigurationIsVisible = 0;
			defaultConfigurationName = Release;
		};
/* End XCConfigurationList section */
	};
	rootObject = CDADE6D523B3610300E8CDD5 /* Project object */;
}
